
Microsoft Visual Studio Solution File, Format Version 12.00
# Visual Studio Version 16
VisualStudioVersion = 16.0.30907.101
MinimumVisualStudioVersion = 10.0.40219.1
Project("{FAE04EC0-301F-11D3-BF4B-00C04F79EFBC}") = "DSP_RecipeDumper", "DSP_RecipeDumper\DSP_RecipeDumper.csproj", "{24325686-FE7B-45D4-BEBC-53B36146686E}"
EndProject
Project("{FAE04EC0-301F-11D3-BF4B-00C04F79EFBC}") = "DSP_MinerOverride", "DSP_MinerOverride\DSP_MinerOverride.csproj", "{D44D9BE3-3DBB-46B5-B43C-CDE3C8010707}"
EndProject
Project("{FAE04EC0-301F-11D3-BF4B-00C04F79EFBC}") = "DSP_WhoNeedsDirt", "DSP_WhoNeedsDirt\DSP_WhoNeedsDirt.csproj", "{98C2A92E-9BF5-4CDA-BE17-35109EC70063}"
EndProject
Global
	GlobalSection(SolutionConfigurationPlatforms) = preSolution
		Debug|Any CPU = Debug|Any CPU
		Release|Any CPU = Release|Any CPU
	EndGlobalSection
	GlobalSection(ProjectConfigurationPlatforms) = postSolution
		{24325686-FE7B-45D4-BEBC-53B36146686E}.Debug|Any CPU.ActiveCfg = Debug|Any CPU
		{24325686-FE7B-45D4-BEBC-53B36146686E}.Debug|Any CPU.Build.0 = Debug|Any CPU
		{24325686-FE7B-45D4-BEBC-53B36146686E}.Release|Any CPU.ActiveCfg = Release|Any CPU
		{24325686-FE7B-45D4-BEBC-53B36146686E}.Release|Any CPU.Build.0 = Release|Any CPU
		{D44D9BE3-3DBB-46B5-B43C-CDE3C8010707}.Debug|Any CPU.ActiveCfg = Debug|Any CPU
		{D44D9BE3-3DBB-46B5-B43C-CDE3C8010707}.Debug|Any CPU.Build.0 = Debug|Any CPU
		{D44D9BE3-3DBB-46B5-B43C-CDE3C8010707}.Release|Any CPU.ActiveCfg = Release|Any CPU
		{D44D9BE3-3DBB-46B5-B43C-CDE3C8010707}.Release|Any CPU.Build.0 = Release|Any CPU
		{98C2A92E-9BF5-4CDA-BE17-35109EC70063}.Debug|Any CPU.ActiveCfg = Debug|Any CPU
		{98C2A92E-9BF5-4CDA-BE17-35109EC70063}.Debug|Any CPU.Build.0 = Debug|Any CPU
		{98C2A92E-9BF5-4CDA-BE17-35109EC70063}.Release|Any CPU.ActiveCfg = Release|Any CPU
		{98C2A92E-9BF5-4CDA-BE17-35109EC70063}.Release|Any CPU.Build.0 = Release|Any CPU
	EndGlobalSection
	GlobalSection(SolutionProperties) = preSolution
		HideSolutionNode = FALSE
	EndGlobalSection
	GlobalSection(ExtensibilityGlobals) = postSolution
		SolutionGuid = {AC6ECB9E-5D12-4E40-83DD-300422FA91FA}
	EndGlobalSection
EndGlobal
